
Microsoft Visual Studio Solution File, Format Version 12.00
# Visual Studio Version 17
VisualStudioVersion = 17.3.32825.248
MinimumVisualStudioVersion = 10.0.40219.1
Project("{FAE04EC0-301F-11D3-BF4B-00C04F79EFBC}") = "lab_4_5", "lab_4_5.csproj", "{61BAE8C8-A283-4D4B-99A4-B6A228A4DAFC}"
EndProject
Global
	GlobalSection(SolutionConfigurationPlatforms) = preSolution
		Debug|Any CPU = Debug|Any CPU
		Release|Any CPU = Release|Any CPU
	EndGlobalSection
	GlobalSection(ProjectConfigurationPlatforms) = postSolution
		{61BAE8C8-A283-4D4B-99A4-B6A228A4DAFC}.Debug|Any CPU.ActiveCfg = Debug|Any CPU
		{61BAE8C8-A283-4D4B-99A4-B6A228A4DAFC}.Debug|Any CPU.Build.0 = Debug|Any CPU
		{61BAE8C8-A283-4D4B-99A4-B6A228A4DAFC}.Release|Any CPU.ActiveCfg = Release|Any CPU
		{61BAE8C8-A283-4D4B-99A4-B6A228A4DAFC}.Release|Any CPU.Build.0 = Release|Any CPU
	EndGlobalSection
	GlobalSection(SolutionProperties) = preSolution
		HideSolutionNode = FALSE
	EndGlobalSection
	GlobalSection(ExtensibilityGlobals) = postSolution
		SolutionGuid = {DB826BCD-EC83-4D28-9545-0CDA302F2827}
	EndGlobalSection
EndGlobal
